
Microsoft Visual Studio Solution File, Format Version 12.00
# Visual Studio Version 17
VisualStudioVersion = 17.7.34031.279
MinimumVisualStudioVersion = 10.0.40219.1
Project("{9A19103F-16F7-4668-BE54-9A1E7A4F7556}") = "CVUT.Сryptography", "CVUT.Сryptography\CVUT.Сryptography.csproj", "{3CAB504F-4FB4-4F8A-92CE-BC392A5DD445}"
EndProject
Project("{FAE04EC0-301F-11D3-BF4B-00C04F79EFBC}") = "Tests", "..\..\tests\Tests\Tests.csproj", "{D20CB9D1-FDDB-46EE-8AE3-BD0A07D75544}"
EndProject
Global
	GlobalSection(SolutionConfigurationPlatforms) = preSolution
		Debug|Any CPU = Debug|Any CPU
		Release|Any CPU = Release|Any CPU
	EndGlobalSection
	GlobalSection(ProjectConfigurationPlatforms) = postSolution
		{3CAB504F-4FB4-4F8A-92CE-BC392A5DD445}.Debug|Any CPU.ActiveCfg = Debug|Any CPU
		{3CAB504F-4FB4-4F8A-92CE-BC392A5DD445}.Debug|Any CPU.Build.0 = Debug|Any CPU
		{3CAB504F-4FB4-4F8A-92CE-BC392A5DD445}.Release|Any CPU.ActiveCfg = Release|Any CPU
		{3CAB504F-4FB4-4F8A-92CE-BC392A5DD445}.Release|Any CPU.Build.0 = Release|Any CPU
		{D20CB9D1-FDDB-46EE-8AE3-BD0A07D75544}.Debug|Any CPU.ActiveCfg = Debug|Any CPU
		{D20CB9D1-FDDB-46EE-8AE3-BD0A07D75544}.Debug|Any CPU.Build.0 = Debug|Any CPU
		{D20CB9D1-FDDB-46EE-8AE3-BD0A07D75544}.Release|Any CPU.ActiveCfg = Release|Any CPU
		{D20CB9D1-FDDB-46EE-8AE3-BD0A07D75544}.Release|Any CPU.Build.0 = Release|Any CPU
	EndGlobalSection
	GlobalSection(SolutionProperties) = preSolution
		HideSolutionNode = FALSE
	EndGlobalSection
	GlobalSection(ExtensibilityGlobals) = postSolution
		SolutionGuid = {CB4AEF58-111A-4133-8F91-7BAC16C6ECB5}
	EndGlobalSection
EndGlobal
